
Microsoft Visual Studio Solution File, Format Version 11.00
# Visual Studio 2010
Project("{FAE04EC0-301F-11D3-BF4B-00C04F79EFBC}") = "ClaimsControl", "ClaimsControl.csproj", "{C4B327C5-01DE-4492-9044-7E62C076EE16}"
EndProject
Project("{2150E333-8FDC-42A3-9474-1A3956D46DE8}") = ".nuget", ".nuget", "{04DB25EA-7D1C-40A5-8823-1351A77DF469}"
	ProjectSection(SolutionItems) = preProject
		.nuget\packages.config = .nuget\packages.config
	EndProjectSection
EndProject
Global
	GlobalSection(SolutionConfigurationPlatforms) = preSolution
		Debug|Any CPU = Debug|Any CPU
		Release|Any CPU = Release|Any CPU
	EndGlobalSection
	GlobalSection(ProjectConfigurationPlatforms) = postSolution
		{C4B327C5-01DE-4492-9044-7E62C076EE16}.Debug|Any CPU.ActiveCfg = Debug|Any CPU
		{C4B327C5-01DE-4492-9044-7E62C076EE16}.Debug|Any CPU.Build.0 = Debug|Any CPU
		{C4B327C5-01DE-4492-9044-7E62C076EE16}.Release|Any CPU.ActiveCfg = Release|Any CPU
		{C4B327C5-01DE-4492-9044-7E62C076EE16}.Release|Any CPU.Build.0 = Release|Any CPU
	EndGlobalSection
	GlobalSection(SolutionProperties) = preSolution
		HideSolutionNode = FALSE
	EndGlobalSection
	GlobalSection(SubversionScc) = preSolution
		Svn-Managed = True
		Manager = AnkhSVN - Subversion Support for Visual Studio
	EndGlobalSection
EndGlobal
